// !$*UTF8*$!
{
	archiveVersion = 1;
	classes = {
	};
	objectVersion = 46;
	objects = {

/* Begin PBXBuildFile section */
		078FD97D1D18730200A3CA34 /* LMBtnLike.swift in Sources */ = {isa = PBXBuildFile; fileRef = 078FD97C1D18730200A3CA34 /* LMBtnLike.swift */; };
		079A3D4A1D17CBD1000467AA /* woman.jpg in Resources */ = {isa = PBXBuildFile; fileRef = 079A3D491D17CBD1000467AA /* woman.jpg */; };
		07A15A291D2EC96F00314FC3 /* AnimationEngine.swift in Sources */ = {isa = PBXBuildFile; fileRef = 07A15A281D2EC96F00314FC3 /* AnimationEngine.swift */; };
		07B2210D1D314EB700A4CFE5 /* LMConstraint.swift in Sources */ = {isa = PBXBuildFile; fileRef = 07B2210C1D314EB700A4CFE5 /* LMConstraint.swift */; };
		07C8A3361D16928900A4152D /* AppDelegate.swift in Sources */ = {isa = PBXBuildFile; fileRef = 07C8A3351D16928900A4152D /* AppDelegate.swift */; };
		07C8A3381D16928900A4152D /* ViewController.swift in Sources */ = {isa = PBXBuildFile; fileRef = 07C8A3371D16928900A4152D /* ViewController.swift */; };
		07C8A33B1D16928900A4152D /* Main.storyboard in Resources */ = {isa = PBXBuildFile; fileRef = 07C8A3391D16928900A4152D /* Main.storyboard */; };
		07C8A33E1D16928900A4152D /* CircleMenuTest.xcdatamodeld in Sources */ = {isa = PBXBuildFile; fileRef = 07C8A33C1D16928900A4152D /* CircleMenuTest.xcdatamodeld */; };
		07C8A3401D16928900A4152D /* Assets.xcassets in Resources */ = {isa = PBXBuildFile; fileRef = 07C8A33F1D16928900A4152D /* Assets.xcassets */; };
		07C8A3431D16928900A4152D /* LaunchScreen.storyboard in Resources */ = {isa = PBXBuildFile; fileRef = 07C8A3411D16928900A4152D /* LaunchScreen.storyboard */; };
		07C8A34B1D1734EB00A4152D /* LMSelectLaiks.xib in Resources */ = {isa = PBXBuildFile; fileRef = 07C8A34A1D1734EB00A4152D /* LMSelectLaiks.xib */; };
		07C8A34D1D17350400A4152D /* LMSelectLaiks.swift in Sources */ = {isa = PBXBuildFile; fileRef = 07C8A34C1D17350400A4152D /* LMSelectLaiks.swift */; };
		07C8A34F1D173E4300A4152D /* Extensions.swift in Sources */ = {isa = PBXBuildFile; fileRef = 07C8A34E1D173E4300A4152D /* Extensions.swift */; };
		CA4CBDF9C8DC555DB1517DAA /* Pods_CircleMenuTest.framework in Frameworks */ = {isa = PBXBuildFile; fileRef = A0A513379C5B78BFA211B65D /* Pods_CircleMenuTest.framework */; };
/* End PBXBuildFile section */

/* Begin PBXFileReference section */
		00EBEEC55D38AF135B206B73 /* Pods-CircleMenuTest.release.xcconfig */ = {isa = PBXFileReference; includeInIndex = 1; lastKnownFileType = text.xcconfig; name = "Pods-CircleMenuTest.release.xcconfig"; path = "Pods/Target Support Files/Pods-CircleMenuTest/Pods-CircleMenuTest.release.xcconfig"; sourceTree = "<group>"; };
		078FD97C1D18730200A3CA34 /* LMBtnLike.swift */ = {isa = PBXFileReference; fileEncoding = 4; lastKnownFileType = sourcecode.swift; path = LMBtnLike.swift; sourceTree = "<group>"; };
		079A3D491D17CBD1000467AA /* woman.jpg */ = {isa = PBXFileReference; lastKnownFileType = image.jpeg; path = woman.jpg; sourceTree = "<group>"; };
		07A15A241D2EC02F00314FC3 /* CircleMenuTest-Bridging-Header.h */ = {isa = PBXFileReference; lastKnownFileType = sourcecode.c.h; path = "CircleMenuTest-Bridging-Header.h"; sourceTree = "<group>"; };
		07A15A281D2EC96F00314FC3 /* AnimationEngine.swift */ = {isa = PBXFileReference; fileEncoding = 4; lastKnownFileType = sourcecode.swift; path = AnimationEngine.swift; sourceTree = "<group>"; };
		07B2210C1D314EB700A4CFE5 /* LMConstraint.swift */ = {isa = PBXFileReference; fileEncoding = 4; lastKnownFileType = sourcecode.swift; path = LMConstraint.swift; sourceTree = "<group>"; };
		07C8A3321D16928900A4152D /* CircleMenuTest.app */ = {isa = PBXFileReference; explicitFileType = wrapper.application; includeInIndex = 0; path = CircleMenuTest.app; sourceTree = BUILT_PRODUCTS_DIR; };
		07C8A3351D16928900A4152D /* AppDelegate.swift */ = {isa = PBXFileReference; lastKnownFileType = sourcecode.swift; path = AppDelegate.swift; sourceTree = "<group>"; };
		07C8A3371D16928900A4152D /* ViewController.swift */ = {isa = PBXFileReference; lastKnownFileType = sourcecode.swift; path = ViewController.swift; sourceTree = "<group>"; };
		07C8A33A1D16928900A4152D /* Base */ = {isa = PBXFileReference; lastKnownFileType = file.storyboard; name = Base; path = Base.lproj/Main.storyboard; sourceTree = "<group>"; };
		07C8A33D1D16928900A4152D /* CircleMenuTest.xcdatamodel */ = {isa = PBXFileReference; lastKnownFileType = wrapper.xcdatamodel; path = CircleMenuTest.xcdatamodel; sourceTree = "<group>"; };
		07C8A33F1D16928900A4152D /* Assets.xcassets */ = {isa = PBXFileReference; lastKnownFileType = folder.assetcatalog; path = Assets.xcassets; sourceTree = "<group>"; };
		07C8A3421D16928900A4152D /* Base */ = {isa = PBXFileReference; lastKnownFileType = file.storyboard; name = Base; path = Base.lproj/LaunchScreen.storyboard; sourceTree = "<group>"; };
		07C8A3441D16928900A4152D /* Info.plist */ = {isa = PBXFileReference; lastKnownFileType = text.plist.xml; path = Info.plist; sourceTree = "<group>"; };
		07C8A34A1D1734EB00A4152D /* LMSelectLaiks.xib */ = {isa = PBXFileReference; fileEncoding = 4; lastKnownFileType = file.xib; path = LMSelectLaiks.xib; sourceTree = "<group>"; };
		07C8A34C1D17350400A4152D /* LMSelectLaiks.swift */ = {isa = PBXFileReference; fileEncoding = 4; lastKnownFileType = sourcecode.swift; path = LMSelectLaiks.swift; sourceTree = "<group>"; };
		07C8A34E1D173E4300A4152D /* Extensions.swift */ = {isa = PBXFileReference; fileEncoding = 4; lastKnownFileType = sourcecode.swift; path = Extensions.swift; sourceTree = "<group>"; };
		A0A513379C5B78BFA211B65D /* Pods_CircleMenuTest.framework */ = {isa = PBXFileReference; explicitFileType = wrapper.framework; includeInIndex = 0; path = Pods_CircleMenuTest.framework; sourceTree = BUILT_PRODUCTS_DIR; };
		B2B3E2935EF6AB523D58ABF8 /* Pods-CircleMenuTest.debug.xcconfig */ = {isa = PBXFileReference; includeInIndex = 1; lastKnownFileType = text.xcconfig; name = "Pods-CircleMenuTest.debug.xcconfig"; path = "Pods/Target Support Files/Pods-CircleMenuTest/Pods-CircleMenuTest.debug.xcconfig"; sourceTree = "<group>"; };
/* End PBXFileReference section */

/* Begin PBXFrameworksBuildPhase section */
		07C8A32F1D16928900A4152D /* Frameworks */ = {
			isa = PBXFrameworksBuildPhase;
			buildActionMask = 2147483647;
			files = (
				CA4CBDF9C8DC555DB1517DAA /* Pods_CircleMenuTest.framework in Frameworks */,
			);
			runOnlyForDeploymentPostprocessing = 0;
		};
/* End PBXFrameworksBuildPhase section */

/* Begin PBXGroup section */
		07A15A271D2EC95500314FC3 /* Animations */ = {
			isa = PBXGroup;
			children = (
				07A15A281D2EC96F00314FC3 /* AnimationEngine.swift */,
				07B2210C1D314EB700A4CFE5 /* LMConstraint.swift */,
			);
			name = Animations;
			sourceTree = "<group>";
		};
		07C8A3291D16928900A4152D = {
			isa = PBXGroup;
			children = (
				07A15A271D2EC95500314FC3 /* Animations */,
				07C8A3341D16928900A4152D /* CircleMenuTest */,
				07C8A3331D16928900A4152D /* Products */,
				59696454BE35E2F5BF47CE26 /* Pods */,
				7F59C5D48F4870A63E2A549F /* Frameworks */,
			);
			sourceTree = "<group>";
		};
		07C8A3331D16928900A4152D /* Products */ = {
			isa = PBXGroup;
			children = (
				07C8A3321D16928900A4152D /* CircleMenuTest.app */,
			);
			name = Products;
			sourceTree = "<group>";
		};
		07C8A3341D16928900A4152D /* CircleMenuTest */ = {
			isa = PBXGroup;
			children = (
				07C8A3351D16928900A4152D /* AppDelegate.swift */,
				07C8A3371D16928900A4152D /* ViewController.swift */,
				07C8A3391D16928900A4152D /* Main.storyboard */,
				07C8A33F1D16928900A4152D /* Assets.xcassets */,
				07C8A3411D16928900A4152D /* LaunchScreen.storyboard */,
				07C8A3441D16928900A4152D /* Info.plist */,
				07C8A33C1D16928900A4152D /* CircleMenuTest.xcdatamodeld */,
				07C8A34A1D1734EB00A4152D /* LMSelectLaiks.xib */,
				07C8A34C1D17350400A4152D /* LMSelectLaiks.swift */,
				07C8A34E1D173E4300A4152D /* Extensions.swift */,
				079A3D491D17CBD1000467AA /* woman.jpg */,
				078FD97C1D18730200A3CA34 /* LMBtnLike.swift */,
				07A15A241D2EC02F00314FC3 /* CircleMenuTest-Bridging-Header.h */,
			);
			path = CircleMenuTest;
			sourceTree = "<group>";
		};
		59696454BE35E2F5BF47CE26 /* Pods */ = {
			isa = PBXGroup;
			children = (
				B2B3E2935EF6AB523D58ABF8 /* Pods-CircleMenuTest.debug.xcconfig */,
				00EBEEC55D38AF135B206B73 /* Pods-CircleMenuTest.release.xcconfig */,
			);
			name = Pods;
			sourceTree = "<group>";
		};
		7F59C5D48F4870A63E2A549F /* Frameworks */ = {
			isa = PBXGroup;
			children = (
				A0A513379C5B78BFA211B65D /* Pods_CircleMenuTest.framework */,
			);
			name = Frameworks;
			sourceTree = "<group>";
		};
/* End PBXGroup section */

/* Begin PBXNativeTarget section */
		07C8A3311D16928900A4152D /* CircleMenuTest */ = {
			isa = PBXNativeTarget;
			buildConfigurationList = 07C8A3471D16928900A4152D /* Build configuration list for PBXNativeTarget "CircleMenuTest" */;
			buildPhases = (
				AF04492CAA0923E24E7B6BA8 /* Check Pods Manifest.lock */,
				07C8A32E1D16928900A4152D /* Sources */,
				07C8A32F1D16928900A4152D /* Frameworks */,
				07C8A3301D16928900A4152D /* Resources */,
				B1AC8342D5A72BFB37A6ECEF /* Embed Pods Frameworks */,
				79CBDBD9671C5F3EE9A4F340 /* Copy Pods Resources */,
			);
			buildRules = (
			);
			dependencies = (
			);
			name = CircleMenuTest;
			productName = CircleMenuTest;
			productReference = 07C8A3321D16928900A4152D /* CircleMenuTest.app */;
			productType = "com.apple.product-type.application";
		};
/* End PBXNativeTarget section */

/* Begin PBXProject section */
		07C8A32A1D16928900A4152D /* Project object */ = {
			isa = PBXProject;
			attributes = {
				LastSwiftUpdateCheck = 0730;
				LastUpgradeCheck = 0730;
				ORGANIZATIONNAME = "Eric Bracke";
				TargetAttributes = {
					07C8A3311D16928900A4152D = {
						CreatedOnToolsVersion = 7.3.1;
						DevelopmentTeam = BYT22GM6R5;
					};
				};
			};
			buildConfigurationList = 07C8A32D1D16928900A4152D /* Build configuration list for PBXProject "CircleMenuTest" */;
			compatibilityVersion = "Xcode 3.2";
			developmentRegion = English;
			hasScannedForEncodings = 0;
			knownRegions = (
				en,
				Base,
			);
			mainGroup = 07C8A3291D16928900A4152D;
			productRefGroup = 07C8A3331D16928900A4152D /* Products */;
			projectDirPath = "";
			projectRoot = "";
			targets = (
				07C8A3311D16928900A4152D /* CircleMenuTest */,
			);
		};
/* End PBXProject section */

/* Begin PBXResourcesBuildPhase section */
		07C8A3301D16928900A4152D /* Resources */ = {
			isa = PBXResourcesBuildPhase;
			buildActionMask = 2147483647;
			files = (
				07C8A3431D16928900A4152D /* LaunchScreen.storyboard in Resources */,
				079A3D4A1D17CBD1000467AA /* woman.jpg in Resources */,
				07C8A3401D16928900A4152D /* Assets.xcassets in Resources */,
				07C8A33B1D16928900A4152D /* Main.storyboard in Resources */,
				07C8A34B1D1734EB00A4152D /* LMSelectLaiks.xib in Resources */,
			);
			runOnlyForDeploymentPostprocessing = 0;
		};
/* End PBXResourcesBuildPhase section */

/* Begin PBXShellScriptBuildPhase section */
		79CBDBD9671C5F3EE9A4F340 /* Copy Pods Resources */ = {
			isa = PBXShellScriptBuildPhase;
			buildActionMask = 2147483647;
			files = (
			);
			inputPaths = (
			);
			name = "Copy Pods Resources";
			outputPaths = (
			);
			runOnlyForDeploymentPostprocessing = 0;
			shellPath = /bin/sh;
			shellScript = "\"${SRCROOT}/Pods/Target Support Files/Pods-CircleMenuTest/Pods-CircleMenuTest-resources.sh\"\n";
			showEnvVarsInLog = 0;
		};
		AF04492CAA0923E24E7B6BA8 /* Check Pods Manifest.lock */ = {
			isa = PBXShellScriptBuildPhase;
			buildActionMask = 2147483647;
			files = (
			);
			inputPaths = (
			);
			name = "Check Pods Manifest.lock";
			outputPaths = (
			);
			runOnlyForDeploymentPostprocessing = 0;
			shellPath = /bin/sh;
			shellScript = "diff \"${PODS_ROOT}/../Podfile.lock\" \"${PODS_ROOT}/Manifest.lock\" > /dev/null\nif [[ $? != 0 ]] ; then\n    cat << EOM\nerror: The sandbox is not in sync with the Podfile.lock. Run 'pod install' or update your CocoaPods installation.\nEOM\n    exit 1\nfi\n";
			showEnvVarsInLog = 0;
		};
		B1AC8342D5A72BFB37A6ECEF /* Embed Pods Frameworks */ = {
			isa = PBXShellScriptBuildPhase;
			buildActionMask = 2147483647;
			files = (
			);
			inputPaths = (
			);
			name = "Embed Pods Frameworks";
			outputPaths = (
			);
			runOnlyForDeploymentPostprocessing = 0;
			shellPath = /bin/sh;
			shellScript = "\"${SRCROOT}/Pods/Target Support Files/Pods-CircleMenuTest/Pods-CircleMenuTest-frameworks.sh\"\n";
			showEnvVarsInLog = 0;
		};
/* End PBXShellScriptBuildPhase section */

/* Begin PBXSourcesBuildPhase section */
		07C8A32E1D16928900A4152D /* Sources */ = {
			isa = PBXSourcesBuildPhase;
			buildActionMask = 2147483647;
			files = (
				07A15A291D2EC96F00314FC3 /* AnimationEngine.swift in Sources */,
				078FD97D1D18730200A3CA34 /* LMBtnLike.swift in Sources */,
				07C8A34F1D173E4300A4152D /* Extensions.swift in Sources */,
				07B2210D1D314EB700A4CFE5 /* LMConstraint.swift in Sources */,
				07C8A3381D16928900A4152D /* ViewController.swift in Sources */,
				07C8A33E1D16928900A4152D /* CircleMenuTest.xcdatamodeld in Sources */,
				07C8A3361D16928900A4152D /* AppDelegate.swift in Sources */,
				07C8A34D1D17350400A4152D /* LMSelectLaiks.swift in Sources */,
			);
			runOnlyForDeploymentPostprocessing = 0;
		};
/* End PBXSourcesBuildPhase section */

/* Begin PBXVariantGroup section */
		07C8A3391D16928900A4152D /* Main.storyboard */ = {
			isa = PBXVariantGroup;
			children = (
				07C8A33A1D16928900A4152D /* Base */,
			);
			name = Main.storyboard;
			sourceTree = "<group>";
		};
		07C8A3411D16928900A4152D /* LaunchScreen.storyboard */ = {
			isa = PBXVariantGroup;
			children = (
				07C8A3421D16928900A4152D /* Base */,
			);
			name = LaunchScreen.storyboard;
			sourceTree = "<group>";
		};
/* End PBXVariantGroup section */

/* Begin XCBuildConfiguration section */
		07C8A3451D16928900A4152D /* Debug */ = {
			isa = XCBuildConfiguration;
			buildSettings = {
				ALWAYS_SEARCH_USER_PATHS = NO;
				CLANG_ANALYZER_NONNULL = YES;
				CLANG_CXX_LANGUAGE_STANDARD = "gnu++0x";
				CLANG_CXX_LIBRARY = "libc++";
				CLANG_ENABLE_MODULES = YES;
				CLANG_ENABLE_OBJC_ARC = YES;
				CLANG_WARN_BOOL_CONVERSION = YES;
				CLANG_WARN_CONSTANT_CONVERSION = YES;
				CLANG_WARN_DIRECT_OBJC_ISA_USAGE = YES_ERROR;
				CLANG_WARN_EMPTY_BODY = YES;
				CLANG_WARN_ENUM_CONVERSION = YES;
				CLANG_WARN_INT_CONVERSION = YES;
				CLANG_WARN_OBJC_ROOT_CLASS = YES_ERROR;
				CLANG_WARN_UNREACHABLE_CODE = YES;
				CLANG_WARN__DUPLICATE_METHOD_MATCH = YES;
				"CODE_SIGN_IDENTITY[sdk=iphoneos*]" = "iPhone Developer";
				COPY_PHASE_STRIP = NO;
				DEBUG_INFORMATION_FORMAT = dwarf;
				ENABLE_STRICT_OBJC_MSGSEND = YES;
				ENABLE_TESTABILITY = YES;
				GCC_C_LANGUAGE_STANDARD = gnu99;
				GCC_DYNAMIC_NO_PIC = NO;
				GCC_NO_COMMON_BLOCKS = YES;
				GCC_OPTIMIZATION_LEVEL = 0;
				GCC_PREPROCESSOR_DEFINITIONS = (
					"DEBUG=1",
					"$(inherited)",
				);
				GCC_WARN_64_TO_32_BIT_CONVERSION = YES;
				GCC_WARN_ABOUT_RETURN_TYPE = YES_ERROR;
				GCC_WARN_UNDECLARED_SELECTOR = YES;
				GCC_WARN_UNINITIALIZED_AUTOS = YES_AGGRESSIVE;
				GCC_WARN_UNUSED_FUNCTION = YES;
				GCC_WARN_UNUSED_VARIABLE = YES;
				IPHONEOS_DEPLOYMENT_TARGET = 9.3;
				MTL_ENABLE_DEBUG_INFO = YES;
				ONLY_ACTIVE_ARCH = YES;
				SDKROOT = iphoneos;
				SWIFT_OPTIMIZATION_LEVEL = "-Onone";
			};
			name = Debug;
		};
		07C8A3461D16928900A4152D /* Release */ = {
			isa = XCBuildConfiguration;
			buildSettings = {
				ALWAYS_SEARCH_USER_PATHS = NO;
				CLANG_ANALYZER_NONNULL = YES;
				CLANG_CXX_LANGUAGE_STANDARD = "gnu++0x";
				CLANG_CXX_LIBRARY = "libc++";
				CLANG_ENABLE_MODULES = YES;
				CLANG_ENABLE_OBJC_ARC = YES;
				CLANG_WARN_BOOL_CONVERSION = YES;
				CLANG_WARN_CONSTANT_CONVERSION = YES;
				CLANG_WARN_DIRECT_OBJC_ISA_USAGE = YES_ERROR;
				CLANG_WARN_EMPTY_BODY = YES;
				CLANG_WARN_ENUM_CONVERSION = YES;
				CLANG_WARN_INT_CONVERSION = YES;
				CLANG_WARN_OBJC_ROOT_CLASS = YES_ERROR;
				CLANG_WARN_UNREACHABLE_CODE = YES;
				CLANG_WARN__DUPLICATE_METHOD_MATCH = YES;
				"CODE_SIGN_IDENTITY[sdk=iphoneos*]" = "iPhone Developer";
				COPY_PHASE_STRIP = NO;
				DEBUG_INFORMATION_FORMAT = "dwarf-with-dsym";
				ENABLE_NS_ASSERTIONS = NO;
				ENABLE_STRICT_OBJC_MSGSEND = YES;
				GCC_C_LANGUAGE_STANDARD = gnu99;
				GCC_NO_COMMON_BLOCKS = YES;
				GCC_WARN_64_TO_32_BIT_CONVERSION = YES;
				GCC_WARN_ABOUT_RETURN_TYPE = YES_ERROR;
				GCC_WARN_UNDECLARED_SELECTOR = YES;
				GCC_WARN_UNINITIALIZED_AUTOS = YES_AGGRESSIVE;
				GCC_WARN_UNUSED_FUNCTION = YES;
				GCC_WARN_UNUSED_VARIABLE = YES;
				IPHONEOS_DEPLOYMENT_TARGET = 9.3;
				MTL_ENABLE_DEBUG_INFO = NO;
				SDKROOT = iphoneos;
				VALIDATE_PRODUCT = YES;
			};
			name = Release;
		};
		07C8A3481D16928900A4152D /* Debug */ = {
			isa = XCBuildConfiguration;
			baseConfigurationReference = B2B3E2935EF6AB523D58ABF8 /* Pods-CircleMenuTest.debug.xcconfig */;
			buildSettings = {
				ASSETCATALOG_COMPILER_APPICON_NAME = AppIcon;
				CLANG_ENABLE_MODULES = YES;
				CODE_SIGN_IDENTITY = "iPhone Developer";
				"CODE_SIGN_IDENTITY[sdk=iphoneos*]" = "iPhone Developer";
				INFOPLIST_FILE = CircleMenuTest/Info.plist;
				LD_RUNPATH_SEARCH_PATHS = "$(inherited) @executable_path/Frameworks";
				PRODUCT_BUNDLE_IDENTIFIER = com.bds.test.CircleMenuTest;
				PRODUCT_NAME = "$(TARGET_NAME)";
				PROVISIONING_PROFILE = "";
				SWIFT_OBJC_BRIDGING_HEADER = "CircleMenuTest/CircleMenuTest-Bridging-Header.h";
				SWIFT_OPTIMIZATION_LEVEL = "-Onone";
			};
			name = Debug;
		};
		07C8A3491D16928900A4152D /* Release */ = {
			isa = XCBuildConfiguration;
			baseConfigurationReference = 00EBEEC55D38AF135B206B73 /* Pods-CircleMenuTest.release.xcconfig */;
			buildSettings = {
				ASSETCATALOG_COMPILER_APPICON_NAME = AppIcon;
				CLANG_ENABLE_MODULES = YES;
				CODE_SIGN_IDENTITY = "iPhone Developer";
				"CODE_SIGN_IDENTITY[sdk=iphoneos*]" = "iPhone Developer";
				INFOPLIST_FILE = CircleMenuTest/Info.plist;
				LD_RUNPATH_SEARCH_PATHS = "$(inherited) @executable_path/Frameworks";
				PRODUCT_BUNDLE_IDENTIFIER = com.bds.test.CircleMenuTest;
				PRODUCT_NAME = "$(TARGET_NAME)";
				PROVISIONING_PROFILE = "";
				SWIFT_OBJC_BRIDGING_HEADER = "CircleMenuTest/CircleMenuTest-Bridging-Header.h";
			};
			name = Release;
		};
/* End XCBuildConfiguration section */

/* Begin XCConfigurationList section */
		07C8A32D1D16928900A4152D /* Build configuration list for PBXProject "CircleMenuTest" */ = {
			isa = XCConfigurationList;
			buildConfigurations = (
				07C8A3451D16928900A4152D /* Debug */,
				07C8A3461D16928900A4152D /* Release */,
			);
			defaultConfigurationIsVisible = 0;
			defaultConfigurationName = Release;
		};
		07C8A3471D16928900A4152D /* Build configuration list for PBXNativeTarget "CircleMenuTest" */ = {
			isa = XCConfigurationList;
			buildConfigurations = (
				07C8A3481D16928900A4152D /* Debug */,
				07C8A3491D16928900A4152D /* Release */,
			);
			defaultConfigurationIsVisible = 0;
			defaultConfigurationName = Release;
		};
/* End XCConfigurationList section */

/* Begin XCVersionGroup section */
		07C8A33C1D16928900A4152D /* CircleMenuTest.xcdatamodeld */ = {
			isa = XCVersionGroup;
			children = (
				07C8A33D1D16928900A4152D /* CircleMenuTest.xcdatamodel */,
			);
			currentVersion = 07C8A33D1D16928900A4152D /* CircleMenuTest.xcdatamodel */;
			path = CircleMenuTest.xcdatamodeld;
			sourceTree = "<group>";
			versionGroupType = wrapper.xcdatamodel;
		};
/* End XCVersionGroup section */
	};
	rootObject = 07C8A32A1D16928900A4152D /* Project object */;
}
